Microsoft Visual Studio Solution File, Format Version 12.00
# Visual Studio Version 17
VisualStudioVersion = 17.0.31903.59
MinimumVisualStudioVersion = 10.0.40219.1
Project("{FAE04EC0-301F-11D3-BF4B-00C04F79EFBC}") = "CodexTracker.Core", "src\CodexTracker.Core\CodexTracker.Core.csproj", "{F2CE69D8-0D90-4B5A-960D-E913A48705ED}"
EndProject
Project("{FAE04EC0-301F-11D3-BF4B-00C04F79EFBC}") = "CodexTracker", "src\CodexTracker\CodexTracker.csproj", "{FAC61AC3-58FE-4F6A-9554-01D2F843F695}"
EndProject
Project("{FAE04EC0-301F-11D3-BF4B-00C04F79EFBC}") = "CodexTracker.Tests", "tests\CodexTracker.Tests\CodexTracker.Tests.csproj", "{76E3F1A0-9CC7-489C-8B4D-42162AC234A1}"
EndProject
Global
 GlobalSection(SolutionConfigurationPlatforms) = preSolution
  Debug|Any CPU = Debug|Any CPU
  Release|Any CPU = Release|Any CPU
 EndGlobalSection
 GlobalSection(ProjectConfigurationPlatforms) = postSolution
  {F2CE69D8-0D90-4B5A-960D-E913A48705ED}.Debug|Any CPU.ActiveCfg = Debug|Any CPU
  {F2CE69D8-0D90-4B5A-960D-E913A48705ED}.Debug|Any CPU.Build.0 = Debug|Any CPU
  {F2CE69D8-0D90-4B5A-960D-E913A48705ED}.Release|Any CPU.ActiveCfg = Release|Any CPU
  {F2CE69D8-0D90-4B5A-960D-E913A48705ED}.Release|Any CPU.Build.0 = Release|Any CPU
  {FAC61AC3-58FE-4F6A-9554-01D2F843F695}.Debug|Any CPU.ActiveCfg = Debug|Any CPU
  {FAC61AC3-58FE-4F6A-9554-01D2F843F695}.Debug|Any CPU.Build.0 = Debug|Any CPU
  {FAC61AC3-58FE-4F6A-9554-01D2F843F695}.Release|Any CPU.ActiveCfg = Release|Any CPU
  {FAC61AC3-58FE-4F6A-9554-01D2F843F695}.Release|Any CPU.Build.0 = Release|Any CPU
  {76E3F1A0-9CC7-489C-8B4D-42162AC234A1}.Debug|Any CPU.ActiveCfg = Debug|Any CPU
  {76E3F1A0-9CC7-489C-8B4D-42162AC234A1}.Debug|Any CPU.Build.0 = Debug|Any CPU
  {76E3F1A0-9CC7-489C-8B4D-42162AC234A1}.Release|Any CPU.ActiveCfg = Release|Any CPU
  {76E3F1A0-9CC7-489C-8B4D-42162AC234A1}.Release|Any CPU.Build.0 = Release|Any CPU
 EndGlobalSection
EndGlobal

